{
    "version": 3,
    "terraform_version": "0.11.3",
    "serial": 4,
    "lineage": "7eda6497-a6bf-45ab-8853-752592c7537e",
    "modules": [
        {
            "path": [
                "root"
            ],
            "outputs": {
                "aws_elb_public_dns": {
                    "sensitive": false,
                    "type": "string",
                    "value": "nginx-elb-1940949568.us-west-2.elb.amazonaws.com"
                }
            },
            "resources": {
                "aws_elb.web": {
                    "type": "aws_elb",
                    "depends_on": [
                        "aws_instance.nginx1",
                        "aws_instance.nginx2",
                        "aws_security_group.elb-sg",
                        "aws_subnet.subnet1",
                        "aws_subnet.subnet2"
                    ],
                    "primary": {
                        "id": "nginx-elb",
                        "attributes": {
                            "access_logs.#": "0",
                            "arn": "arn:aws:elasticloadbalancing:us-west-2:083926556820:loadbalancer/nginx-elb",
                            "availability_zones.#": "2",
                            "availability_zones.221770259": "us-west-2b",
                            "availability_zones.2487133097": "us-west-2a",
                            "connection_draining": "false",
                            "connection_draining_timeout": "300",
                            "cross_zone_load_balancing": "true",
                            "dns_name": "nginx-elb-1940949568.us-west-2.elb.amazonaws.com",
                            "health_check.#": "1",
                            "health_check.0.healthy_threshold": "10",
                            "health_check.0.interval": "30",
                            "health_check.0.target": "TCP:80",
                            "health_check.0.timeout": "5",
                            "health_check.0.unhealthy_threshold": "2",
                            "id": "nginx-elb",
                            "idle_timeout": "60",
                            "instances.#": "2",
                            "instances.3363759155": "i-0d56cf761ff94f545",
                            "instances.3700975969": "i-05f0734c2993f77e7",
                            "internal": "false",
                            "listener.#": "1",
                            "listener.3057123346.instance_port": "80",
                            "listener.3057123346.instance_protocol": "http",
                            "listener.3057123346.lb_port": "80",
                            "listener.3057123346.lb_protocol": "http",
                            "listener.3057123346.ssl_certificate_id": "",
                            "name": "nginx-elb",
                            "security_groups.#": "1",
                            "security_groups.2107577536": "sg-8f7fd7f0",
                            "source_security_group": "083926556820/nginx_elb_sg",
                            "source_security_group_id": "sg-8f7fd7f0",
                            "subnets.#": "2",
                            "subnets.1829315965": "subnet-c60f108e",
                            "subnets.2999090437": "subnet-2bb24e52",
                            "tags.%": "0",
                            "zone_id": "Z1H1FL5HABSF5"
                        },
                        "meta": {},
                        "tainted": false
                    },
                    "deposed": [],
                    "provider": "provider.aws"
                },
                "aws_instance.nginx1": {
                    "type": "aws_instance",
                    "depends_on": [
                        "aws_security_group.nginx-sg",
                        "aws_subnet.subnet1"
                    ],
                    "primary": {
                        "id": "i-05f0734c2993f77e7",
                        "attributes": {
                            "ami": "ami-f2d3638a",
                            "associate_public_ip_address": "true",
                            "availability_zone": "us-west-2a",
                            "disable_api_termination": "false",
                            "ebs_block_device.#": "0",
                            "ebs_optimized": "false",
                            "ephemeral_block_device.#": "0",
                            "iam_instance_profile": "",
                            "id": "i-05f0734c2993f77e7",
                            "instance_state": "running",
                            "instance_type": "t2.micro",
                            "ipv6_addresses.#": "0",
                            "key_name": "terraform",
                            "monitoring": "false",
                            "network_interface.#": "0",
                            "network_interface_id": "eni-9984f6ad",
                            "placement_group": "",
                            "primary_network_interface_id": "eni-9984f6ad",
                            "private_dns": "ip-10-1-0-148.us-west-2.compute.internal",
                            "private_ip": "10.1.0.148",
                            "public_dns": "ec2-54-213-80-29.us-west-2.compute.amazonaws.com",
                            "public_ip": "54.213.80.29",
                            "root_block_device.#": "1",
                            "root_block_device.0.delete_on_termination": "true",
                            "root_block_device.0.iops": "100",
                            "root_block_device.0.volume_id": "vol-0f4cc681b55579de6",
                            "root_block_device.0.volume_size": "8",
                            "root_block_device.0.volume_type": "gp2",
                            "security_groups.#": "0",
                            "source_dest_check": "true",
                            "subnet_id": "subnet-c60f108e",
                            "tags.%": "0",
                            "tenancy": "default",
                            "volume_tags.%": "0",
                            "vpc_security_group_ids.#": "1",
                            "vpc_security_group_ids.484974491": "sg-1e78d061"
                        },
                        "meta": {
                            "e2bfb730-ecaa-11e6-8f88-34363bc7c4c0": {
                                "create": 600000000000,
                                "delete": 600000000000,
                                "update": 600000000000
                            },
                            "schema_version": "1"
                        },
                        "tainted": false
                    },
                    "deposed": [],
                    "provider": "provider.aws"
                },
                "aws_instance.nginx2": {
                    "type": "aws_instance",
                    "depends_on": [
                        "aws_security_group.nginx-sg",
                        "aws_subnet.subnet2"
                    ],
                    "primary": {
                        "id": "i-0d56cf761ff94f545",
                        "attributes": {
                            "ami": "ami-f2d3638a",
                            "associate_public_ip_address": "true",
                            "availability_zone": "us-west-2b",
                            "disable_api_termination": "false",
                            "ebs_block_device.#": "0",
                            "ebs_optimized": "false",
                            "ephemeral_block_device.#": "0",
                            "iam_instance_profile": "",
                            "id": "i-0d56cf761ff94f545",
                            "instance_state": "running",
                            "instance_type": "t2.micro",
                            "ipv6_addresses.#": "0",
                            "key_name": "terraform",
                            "monitoring": "false",
                            "network_interface.#": "0",
                            "network_interface_id": "eni-cd5a24e8",
                            "placement_group": "",
                            "primary_network_interface_id": "eni-cd5a24e8",
                            "private_dns": "ip-10-1-1-188.us-west-2.compute.internal",
                            "private_ip": "10.1.1.188",
                            "public_dns": "ec2-54-190-55-242.us-west-2.compute.amazonaws.com",
                            "public_ip": "54.190.55.242",
                            "root_block_device.#": "1",
                            "root_block_device.0.delete_on_termination": "true",
                            "root_block_device.0.iops": "100",
                            "root_block_device.0.volume_id": "vol-08ae6ea25c3df5fb3",
                            "root_block_device.0.volume_size": "8",
                            "root_block_device.0.volume_type": "gp2",
                            "security_groups.#": "0",
                            "source_dest_check": "true",
                            "subnet_id": "subnet-2bb24e52",
                            "tags.%": "0",
                            "tenancy": "default",
                            "volume_tags.%": "0",
                            "vpc_security_group_ids.#": "1",
                            "vpc_security_group_ids.484974491": "sg-1e78d061"
                        },
                        "meta": {
                            "e2bfb730-ecaa-11e6-8f88-34363bc7c4c0": {
                                "create": 600000000000,
                                "delete": 600000000000,
                                "update": 600000000000
                            },
                            "schema_version": "1"
                        },
                        "tainted": false
                    },
                    "deposed": [],
                    "provider": "provider.aws"
                },
                "aws_internet_gateway.igw": {
                    "type": "aws_internet_gateway",
                    "depends_on": [
                        "aws_vpc.vpc"
                    ],
                    "primary": {
                        "id": "igw-83db73e5",
                        "attributes": {
                            "id": "igw-83db73e5",
                            "tags.%": "0",
                            "vpc_id": "vpc-66de5b1f"
                        },
                        "meta": {},
                        "tainted": false
                    },
                    "deposed": [],
                    "provider": "provider.aws"
                },
                "aws_route_table.rtb": {
                    "type": "aws_route_table",
                    "depends_on": [
                        "aws_internet_gateway.igw",
                        "aws_vpc.vpc"
                    ],
                    "primary": {
                        "id": "rtb-c5a305bd",
                        "attributes": {
                            "id": "rtb-c5a305bd",
                            "propagating_vgws.#": "0",
                            "route.#": "1",
                            "route.1677903451.cidr_block": "0.0.0.0/0",
                            "route.1677903451.egress_only_gateway_id": "",
                            "route.1677903451.gateway_id": "igw-83db73e5",
                            "route.1677903451.instance_id": "",
                            "route.1677903451.ipv6_cidr_block": "",
                            "route.1677903451.nat_gateway_id": "",
                            "route.1677903451.network_interface_id": "",
                            "route.1677903451.vpc_peering_connection_id": "",
                            "tags.%": "0",
                            "vpc_id": "vpc-66de5b1f"
                        },
                        "meta": {},
                        "tainted": false
                    },
                    "deposed": [],
                    "provider": "provider.aws"
                },
                "aws_route_table_association.rta-subnet1": {
                    "type": "aws_route_table_association",
                    "depends_on": [
                        "aws_route_table.rtb",
                        "aws_subnet.subnet1"
                    ],
                    "primary": {
                        "id": "rtbassoc-edaca496",
                        "attributes": {
                            "id": "rtbassoc-edaca496",
                            "route_table_id": "rtb-c5a305bd",
                            "subnet_id": "subnet-c60f108e"
                        },
                        "meta": {},
                        "tainted": false
                    },
                    "deposed": [],
                    "provider": "provider.aws"
                },
                "aws_route_table_association.rta-subnet2": {
                    "type": "aws_route_table_association",
                    "depends_on": [
                        "aws_route_table.rtb",
                        "aws_subnet.subnet2"
                    ],
                    "primary": {
                        "id": "rtbassoc-35ada54e",
                        "attributes": {
                            "id": "rtbassoc-35ada54e",
                            "route_table_id": "rtb-c5a305bd",
                            "subnet_id": "subnet-2bb24e52"
                        },
                        "meta": {},
                        "tainted": false
                    },
                    "deposed": [],
                    "provider": "provider.aws"
                },
                "aws_security_group.elb-sg": {
                    "type": "aws_security_group",
                    "depends_on": [
                        "aws_vpc.vpc"
                    ],
                    "primary": {
                        "id": "sg-8f7fd7f0",
                        "attributes": {
                            "description": "Managed by Terraform",
                            "egress.#": "1",
                            "egress.482069346.cidr_blocks.#": "1",
                            "egress.482069346.cidr_blocks.0": "0.0.0.0/0",
                            "egress.482069346.description": "",
                            "egress.482069346.from_port": "0",
                            "egress.482069346.ipv6_cidr_blocks.#": "0",
                            "egress.482069346.prefix_list_ids.#": "0",
                            "egress.482069346.protocol": "-1",
                            "egress.482069346.security_groups.#": "0",
                            "egress.482069346.self": "false",
                            "egress.482069346.to_port": "0",
                            "id": "sg-8f7fd7f0",
                            "ingress.#": "1",
                            "ingress.2214680975.cidr_blocks.#": "1",
                            "ingress.2214680975.cidr_blocks.0": "0.0.0.0/0",
                            "ingress.2214680975.description": "",
                            "ingress.2214680975.from_port": "80",
                            "ingress.2214680975.ipv6_cidr_blocks.#": "0",
                            "ingress.2214680975.protocol": "tcp",
                            "ingress.2214680975.security_groups.#": "0",
                            "ingress.2214680975.self": "false",
                            "ingress.2214680975.to_port": "80",
                            "name": "nginx_elb_sg",
                            "owner_id": "083926556820",
                            "revoke_rules_on_delete": "false",
                            "tags.%": "0",
                            "vpc_id": "vpc-66de5b1f"
                        },
                        "meta": {
                            "schema_version": "1"
                        },
                        "tainted": false
                    },
                    "deposed": [],
                    "provider": "provider.aws"
                },
                "aws_security_group.nginx-sg": {
                    "type": "aws_security_group",
                    "depends_on": [
                        "aws_vpc.vpc"
                    ],
                    "primary": {
                        "id": "sg-1e78d061",
                        "attributes": {
                            "description": "Managed by Terraform",
                            "egress.#": "1",
                            "egress.482069346.cidr_blocks.#": "1",
                            "egress.482069346.cidr_blocks.0": "0.0.0.0/0",
                            "egress.482069346.description": "",
                            "egress.482069346.from_port": "0",
                            "egress.482069346.ipv6_cidr_blocks.#": "0",
                            "egress.482069346.prefix_list_ids.#": "0",
                            "egress.482069346.protocol": "-1",
                            "egress.482069346.security_groups.#": "0",
                            "egress.482069346.self": "false",
                            "egress.482069346.to_port": "0",
                            "id": "sg-1e78d061",
                            "ingress.#": "2",
                            "ingress.2524386204.cidr_blocks.#": "1",
                            "ingress.2524386204.cidr_blocks.0": "10.1.0.0/16",
                            "ingress.2524386204.description": "",
                            "ingress.2524386204.from_port": "80",
                            "ingress.2524386204.ipv6_cidr_blocks.#": "0",
                            "ingress.2524386204.protocol": "tcp",
                            "ingress.2524386204.security_groups.#": "0",
                            "ingress.2524386204.self": "false",
                            "ingress.2524386204.to_port": "80",
                            "ingress.2541437006.cidr_blocks.#": "1",
                            "ingress.2541437006.cidr_blocks.0": "0.0.0.0/0",
                            "ingress.2541437006.description": "",
                            "ingress.2541437006.from_port": "22",
                            "ingress.2541437006.ipv6_cidr_blocks.#": "0",
                            "ingress.2541437006.protocol": "tcp",
                            "ingress.2541437006.security_groups.#": "0",
                            "ingress.2541437006.self": "false",
                            "ingress.2541437006.to_port": "22",
                            "name": "nginx_sg",
                            "owner_id": "083926556820",
                            "revoke_rules_on_delete": "false",
                            "tags.%": "0",
                            "vpc_id": "vpc-66de5b1f"
                        },
                        "meta": {
                            "schema_version": "1"
                        },
                        "tainted": false
                    },
                    "deposed": [],
                    "provider": "provider.aws"
                },
                "aws_subnet.subnet1": {
                    "type": "aws_subnet",
                    "depends_on": [
                        "aws_vpc.vpc",
                        "data.aws_availability_zones.available"
                    ],
                    "primary": {
                        "id": "subnet-c60f108e",
                        "attributes": {
                            "assign_ipv6_address_on_creation": "false",
                            "availability_zone": "us-west-2a",
                            "cidr_block": "10.1.0.0/24",
                            "id": "subnet-c60f108e",
                            "map_public_ip_on_launch": "true",
                            "tags.%": "0",
                            "vpc_id": "vpc-66de5b1f"
                        },
                        "meta": {
                            "schema_version": "1"
                        },
                        "tainted": false
                    },
                    "deposed": [],
                    "provider": "provider.aws"
                },
                "aws_subnet.subnet2": {
                    "type": "aws_subnet",
                    "depends_on": [
                        "aws_vpc.vpc",
                        "data.aws_availability_zones.available"
                    ],
                    "primary": {
                        "id": "subnet-2bb24e52",
                        "attributes": {
                            "assign_ipv6_address_on_creation": "false",
                            "availability_zone": "us-west-2b",
                            "cidr_block": "10.1.1.0/24",
                            "id": "subnet-2bb24e52",
                            "map_public_ip_on_launch": "true",
                            "tags.%": "0",
                            "vpc_id": "vpc-66de5b1f"
                        },
                        "meta": {
                            "schema_version": "1"
                        },
                        "tainted": false
                    },
                    "deposed": [],
                    "provider": "provider.aws"
                },
                "aws_vpc.vpc": {
                    "type": "aws_vpc",
                    "depends_on": [],
                    "primary": {
                        "id": "vpc-66de5b1f",
                        "attributes": {
                            "assign_generated_ipv6_cidr_block": "false",
                            "cidr_block": "10.1.0.0/16",
                            "default_network_acl_id": "acl-4588b63c",
                            "default_route_table_id": "rtb-80a204f8",
                            "default_security_group_id": "sg-b562caca",
                            "dhcp_options_id": "dopt-9b3fdde2",
                            "enable_classiclink": "false",
                            "enable_classiclink_dns_support": "false",
                            "enable_dns_hostnames": "true",
                            "enable_dns_support": "true",
                            "id": "vpc-66de5b1f",
                            "instance_tenancy": "default",
                            "main_route_table_id": "rtb-80a204f8",
                            "tags.%": "0"
                        },
                        "meta": {
                            "schema_version": "1"
                        },
                        "tainted": false
                    },
                    "deposed": [],
                    "provider": "provider.aws"
                },
                "data.aws_availability_zones.available": {
                    "type": "aws_availability_zones",
                    "depends_on": [],
                    "primary": {
                        "id": "2018-02-08 23:09:34.635198 +0000 UTC",
                        "attributes": {
                            "id": "2018-02-08 23:09:34.635198 +0000 UTC",
                            "names.#": "3",
                            "names.0": "us-west-2a",
                            "names.1": "us-west-2b",
                            "names.2": "us-west-2c"
                        },
                        "meta": {},
                        "tainted": false
                    },
                    "deposed": [],
                    "provider": "provider.aws"
                }
            },
            "depends_on": []
        }
    ]
}
