{
    "version": 3,
    "terraform_version": "0.11.3",
    "serial": 5,
    "lineage": "85d8c8ed-8b54-4b8d-afc0-406cd8d811ea",
    "modules": [
        {
            "path": [
                "root"
            ],
            "outputs": {
                "aws_elb_public_dns": {
                    "sensitive": false,
                    "type": "string",
                    "value": "nginx-elb-1052978484.us-west-2.elb.amazonaws.com"
                }
            },
            "resources": {
                "aws_elb.web": {
                    "type": "aws_elb",
                    "depends_on": [
                        "aws_instance.nginx1",
                        "aws_instance.nginx2",
                        "aws_security_group.elb-sg",
                        "aws_subnet.subnet1",
                        "aws_subnet.subnet2"
                    ],
                    "primary": {
                        "id": "nginx-elb",
                        "attributes": {
                            "access_logs.#": "0",
                            "arn": "arn:aws:elasticloadbalancing:us-west-2:083926556820:loadbalancer/nginx-elb",
                            "availability_zones.#": "2",
                            "availability_zones.221770259": "us-west-2b",
                            "availability_zones.2487133097": "us-west-2a",
                            "connection_draining": "false",
                            "connection_draining_timeout": "300",
                            "cross_zone_load_balancing": "true",
                            "dns_name": "nginx-elb-1052978484.us-west-2.elb.amazonaws.com",
                            "health_check.#": "1",
                            "health_check.0.healthy_threshold": "10",
                            "health_check.0.interval": "30",
                            "health_check.0.target": "TCP:80",
                            "health_check.0.timeout": "5",
                            "health_check.0.unhealthy_threshold": "2",
                            "id": "nginx-elb",
                            "idle_timeout": "60",
                            "instances.#": "2",
                            "instances.1859980855": "i-030f7bbe88149fb38",
                            "instances.4065320273": "i-09426e46d252cb5af",
                            "internal": "false",
                            "listener.#": "1",
                            "listener.3057123346.instance_port": "80",
                            "listener.3057123346.instance_protocol": "http",
                            "listener.3057123346.lb_port": "80",
                            "listener.3057123346.lb_protocol": "http",
                            "listener.3057123346.ssl_certificate_id": "",
                            "name": "nginx-elb",
                            "security_groups.#": "1",
                            "security_groups.2266416252": "sg-910ca4ee",
                            "source_security_group": "083926556820/nginx_elb_sg",
                            "source_security_group_id": "sg-910ca4ee",
                            "subnets.#": "2",
                            "subnets.3411315383": "subnet-ac352ae4",
                            "subnets.3832359582": "subnet-ae9b67d7",
                            "tags.%": "3",
                            "tags.BillingCode": "8675309",
                            "tags.Environment": "dev",
                            "tags.Name": "dev-elb",
                            "zone_id": "Z1H1FL5HABSF5"
                        },
                        "meta": {},
                        "tainted": false
                    },
                    "deposed": [],
                    "provider": "provider.aws"
                },
                "aws_iam_access_key.write_user": {
                    "type": "aws_iam_access_key",
                    "depends_on": [
                        "aws_iam_user.write_user"
                    ],
                    "primary": {
                        "id": "AKIAIVSQVHTEZ2DTZA5Q",
                        "attributes": {
                            "id": "AKIAIVSQVHTEZ2DTZA5Q",
                            "secret": "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",
                            "ses_smtp_password": "AgodGAjBggShcXtepWvJzFaB9CbLRHB9xpUpWqNHcoOj",
                            "status": "Active",
                            "user": "dev-s3-write-user"
                        },
                        "meta": {},
                        "tainted": false
                    },
                    "deposed": [],
                    "provider": "provider.aws"
                },
                "aws_iam_user.write_user": {
                    "type": "aws_iam_user",
                    "depends_on": [],
                    "primary": {
                        "id": "dev-s3-write-user",
                        "attributes": {
                            "arn": "arn:aws:iam::083926556820:user/dev-s3-write-user",
                            "force_destroy": "true",
                            "id": "dev-s3-write-user",
                            "name": "dev-s3-write-user",
                            "path": "/",
                            "unique_id": "AIDAJL5UMJBBXJTFJDSWO"
                        },
                        "meta": {},
                        "tainted": false
                    },
                    "deposed": [],
                    "provider": "provider.aws"
                },
                "aws_iam_user_policy.write_user_pol": {
                    "type": "aws_iam_user_policy",
                    "depends_on": [
                        "aws_iam_user.write_user"
                    ],
                    "primary": {
                        "id": "dev-s3-write-user:write",
                        "attributes": {
                            "id": "dev-s3-write-user:write",
                            "name": "write",
                            "policy": "{\n    \"Version\": \"2012-10-17\",\n    \"Statement\": [\n        {\n            \"Effect\": \"Allow\",\n            \"Action\": \"s3:*\",\n            \"Resource\": [\n                \"arn:aws:s3:::dev-quasimoto\",\n                \"arn:aws:s3:::dev-quasimoto/*\"\n            ]\n        }\n   ]\n}\n",
                            "user": "dev-s3-write-user"
                        },
                        "meta": {},
                        "tainted": false
                    },
                    "deposed": [],
                    "provider": "provider.aws"
                },
                "aws_instance.nginx1": {
                    "type": "aws_instance",
                    "depends_on": [
                        "aws_iam_access_key.write_user",
                        "aws_s3_bucket.web_bucket",
                        "aws_security_group.nginx-sg",
                        "aws_subnet.subnet1"
                    ],
                    "primary": {
                        "id": "i-030f7bbe88149fb38",
                        "attributes": {
                            "ami": "ami-f2d3638a",
                            "associate_public_ip_address": "true",
                            "availability_zone": "us-west-2a",
                            "disable_api_termination": "false",
                            "ebs_block_device.#": "0",
                            "ebs_optimized": "false",
                            "ephemeral_block_device.#": "0",
                            "iam_instance_profile": "",
                            "id": "i-030f7bbe88149fb38",
                            "instance_state": "running",
                            "instance_type": "t2.micro",
                            "ipv6_addresses.#": "0",
                            "key_name": "terraform",
                            "monitoring": "false",
                            "network_interface.#": "0",
                            "network_interface_id": "eni-d06419e4",
                            "placement_group": "",
                            "primary_network_interface_id": "eni-d06419e4",
                            "private_dns": "ip-10-1-0-99.us-west-2.compute.internal",
                            "private_ip": "10.1.0.99",
                            "public_dns": "",
                            "public_ip": "54.218.252.7",
                            "root_block_device.#": "1",
                            "root_block_device.0.delete_on_termination": "true",
                            "root_block_device.0.iops": "100",
                            "root_block_device.0.volume_id": "vol-02ee89dd9d17ee289",
                            "root_block_device.0.volume_size": "8",
                            "root_block_device.0.volume_type": "gp2",
                            "security_groups.#": "0",
                            "source_dest_check": "true",
                            "subnet_id": "subnet-ac352ae4",
                            "tags.%": "3",
                            "tags.BillingCode": "8675309",
                            "tags.Environment": "dev",
                            "tags.Name": "dev-nginx1",
                            "tenancy": "default",
                            "volume_tags.%": "0",
                            "vpc_security_group_ids.#": "1",
                            "vpc_security_group_ids.4048952588": "sg-6f0ea610"
                        },
                        "meta": {
                            "e2bfb730-ecaa-11e6-8f88-34363bc7c4c0": {
                                "create": 600000000000,
                                "delete": 600000000000,
                                "update": 600000000000
                            },
                            "schema_version": "1"
                        },
                        "tainted": false
                    },
                    "deposed": [],
                    "provider": "provider.aws"
                },
                "aws_instance.nginx2": {
                    "type": "aws_instance",
                    "depends_on": [
                        "aws_iam_access_key.write_user",
                        "aws_s3_bucket.web_bucket",
                        "aws_security_group.nginx-sg",
                        "aws_subnet.subnet2"
                    ],
                    "primary": {
                        "id": "i-09426e46d252cb5af",
                        "attributes": {
                            "ami": "ami-f2d3638a",
                            "associate_public_ip_address": "true",
                            "availability_zone": "us-west-2b",
                            "disable_api_termination": "false",
                            "ebs_block_device.#": "0",
                            "ebs_optimized": "false",
                            "ephemeral_block_device.#": "0",
                            "iam_instance_profile": "",
                            "id": "i-09426e46d252cb5af",
                            "instance_state": "running",
                            "instance_type": "t2.micro",
                            "ipv6_addresses.#": "0",
                            "key_name": "terraform",
                            "monitoring": "false",
                            "network_interface.#": "0",
                            "network_interface_id": "eni-6938414c",
                            "placement_group": "",
                            "primary_network_interface_id": "eni-6938414c",
                            "private_dns": "ip-10-1-1-128.us-west-2.compute.internal",
                            "private_ip": "10.1.1.128",
                            "public_dns": "",
                            "public_ip": "35.163.118.154",
                            "root_block_device.#": "1",
                            "root_block_device.0.delete_on_termination": "true",
                            "root_block_device.0.iops": "100",
                            "root_block_device.0.volume_id": "vol-0c5952dce8fb33541",
                            "root_block_device.0.volume_size": "8",
                            "root_block_device.0.volume_type": "gp2",
                            "security_groups.#": "0",
                            "source_dest_check": "true",
                            "subnet_id": "subnet-ae9b67d7",
                            "tags.%": "3",
                            "tags.BillingCode": "8675309",
                            "tags.Environment": "dev",
                            "tags.Name": "dev-nginx2",
                            "tenancy": "default",
                            "volume_tags.%": "0",
                            "vpc_security_group_ids.#": "1",
                            "vpc_security_group_ids.4048952588": "sg-6f0ea610"
                        },
                        "meta": {
                            "e2bfb730-ecaa-11e6-8f88-34363bc7c4c0": {
                                "create": 600000000000,
                                "delete": 600000000000,
                                "update": 600000000000
                            },
                            "schema_version": "1"
                        },
                        "tainted": false
                    },
                    "deposed": [],
                    "provider": "provider.aws"
                },
                "aws_internet_gateway.igw": {
                    "type": "aws_internet_gateway",
                    "depends_on": [
                        "aws_vpc.vpc"
                    ],
                    "primary": {
                        "id": "igw-02a50d64",
                        "attributes": {
                            "id": "igw-02a50d64",
                            "tags.%": "3",
                            "tags.BillingCode": "8675309",
                            "tags.Environment": "dev",
                            "tags.Name": "dev-igw",
                            "vpc_id": "vpc-71f97c08"
                        },
                        "meta": {},
                        "tainted": false
                    },
                    "deposed": [],
                    "provider": "provider.aws"
                },
                "aws_route_table.rtb": {
                    "type": "aws_route_table",
                    "depends_on": [
                        "aws_internet_gateway.igw",
                        "aws_vpc.vpc"
                    ],
                    "primary": {
                        "id": "rtb-8d9234f5",
                        "attributes": {
                            "id": "rtb-8d9234f5",
                            "propagating_vgws.#": "0",
                            "route.#": "1",
                            "route.3403314696.cidr_block": "0.0.0.0/0",
                            "route.3403314696.egress_only_gateway_id": "",
                            "route.3403314696.gateway_id": "igw-02a50d64",
                            "route.3403314696.instance_id": "",
                            "route.3403314696.ipv6_cidr_block": "",
                            "route.3403314696.nat_gateway_id": "",
                            "route.3403314696.network_interface_id": "",
                            "route.3403314696.vpc_peering_connection_id": "",
                            "tags.%": "3",
                            "tags.BillingCode": "8675309",
                            "tags.Environment": "dev",
                            "tags.Name": "dev-rtb",
                            "vpc_id": "vpc-71f97c08"
                        },
                        "meta": {},
                        "tainted": false
                    },
                    "deposed": [],
                    "provider": "provider.aws"
                },
                "aws_route_table_association.rta-subnet1": {
                    "type": "aws_route_table_association",
                    "depends_on": [
                        "aws_route_table.rtb",
                        "aws_subnet.subnet1"
                    ],
                    "primary": {
                        "id": "rtbassoc-46555e3d",
                        "attributes": {
                            "id": "rtbassoc-46555e3d",
                            "route_table_id": "rtb-8d9234f5",
                            "subnet_id": "subnet-ac352ae4"
                        },
                        "meta": {},
                        "tainted": false
                    },
                    "deposed": [],
                    "provider": "provider.aws"
                },
                "aws_route_table_association.rta-subnet2": {
                    "type": "aws_route_table_association",
                    "depends_on": [
                        "aws_route_table.rtb",
                        "aws_subnet.subnet2"
                    ],
                    "primary": {
                        "id": "rtbassoc-96565ded",
                        "attributes": {
                            "id": "rtbassoc-96565ded",
                            "route_table_id": "rtb-8d9234f5",
                            "subnet_id": "subnet-ae9b67d7"
                        },
                        "meta": {},
                        "tainted": false
                    },
                    "deposed": [],
                    "provider": "provider.aws"
                },
                "aws_s3_bucket.web_bucket": {
                    "type": "aws_s3_bucket",
                    "depends_on": [
                        "aws_iam_user.write_user"
                    ],
                    "primary": {
                        "id": "dev-quasimoto",
                        "attributes": {
                            "acceleration_status": "",
                            "acl": "private",
                            "arn": "arn:aws:s3:::dev-quasimoto",
                            "bucket": "dev-quasimoto",
                            "bucket_domain_name": "dev-quasimoto.s3.amazonaws.com",
                            "force_destroy": "true",
                            "hosted_zone_id": "Z3BJ6K6RIION7M",
                            "id": "dev-quasimoto",
                            "logging.#": "0",
                            "policy": "{\"Statement\":[{\"Action\":\"s3:GetObject\",\"Effect\":\"Allow\",\"Principal\":{\"AWS\":\"*\"},\"Resource\":\"arn:aws:s3:::dev-quasimoto/*\",\"Sid\":\"PublicReadForGetBucketObjects\"},{\"Action\":\"s3:*\",\"Effect\":\"Allow\",\"Principal\":{\"AWS\":\"arn:aws:iam::083926556820:user/dev-s3-write-user\"},\"Resource\":[\"arn:aws:s3:::dev-quasimoto\",\"arn:aws:s3:::dev-quasimoto/*\"],\"Sid\":\"\"}],\"Version\":\"2008-10-17\"}",
                            "region": "us-west-2",
                            "request_payer": "BucketOwner",
                            "server_side_encryption_configuration.#": "0",
                            "tags.%": "3",
                            "tags.BillingCode": "8675309",
                            "tags.Environment": "dev",
                            "tags.Name": "dev-web_bucket",
                            "versioning.#": "1",
                            "versioning.0.enabled": "false",
                            "versioning.0.mfa_delete": "false",
                            "website.#": "0"
                        },
                        "meta": {},
                        "tainted": false
                    },
                    "deposed": [],
                    "provider": "provider.aws"
                },
                "aws_s3_bucket_object.graphic": {
                    "type": "aws_s3_bucket_object",
                    "depends_on": [
                        "aws_s3_bucket.web_bucket"
                    ],
                    "primary": {
                        "id": "/website/Globo_logo_Vert.png",
                        "attributes": {
                            "acl": "private",
                            "bucket": "dev-quasimoto",
                            "cache_control": "",
                            "content_disposition": "",
                            "content_encoding": "",
                            "content_language": "",
                            "content_type": "binary/octet-stream",
                            "etag": "e687fb69f04d709058ec93b505e8c8ee",
                            "id": "/website/Globo_logo_Vert.png",
                            "key": "/website/Globo_logo_Vert.png",
                            "server_side_encryption": "",
                            "source": "./Globo_logo_Vert.png",
                            "storage_class": "STANDARD",
                            "tags.%": "0",
                            "version_id": "",
                            "website_redirect": ""
                        },
                        "meta": {},
                        "tainted": false
                    },
                    "deposed": [],
                    "provider": "provider.aws"
                },
                "aws_s3_bucket_object.website": {
                    "type": "aws_s3_bucket_object",
                    "depends_on": [
                        "aws_s3_bucket.web_bucket"
                    ],
                    "primary": {
                        "id": "/website/index.html",
                        "attributes": {
                            "acl": "private",
                            "bucket": "dev-quasimoto",
                            "cache_control": "",
                            "content_disposition": "",
                            "content_encoding": "",
                            "content_language": "",
                            "content_type": "binary/octet-stream",
                            "etag": "8a05fe27b546d37e45793bc5c574ec09",
                            "id": "/website/index.html",
                            "key": "/website/index.html",
                            "server_side_encryption": "",
                            "source": "./index.html",
                            "storage_class": "STANDARD",
                            "tags.%": "0",
                            "version_id": "",
                            "website_redirect": ""
                        },
                        "meta": {},
                        "tainted": false
                    },
                    "deposed": [],
                    "provider": "provider.aws"
                },
                "aws_security_group.elb-sg": {
                    "type": "aws_security_group",
                    "depends_on": [
                        "aws_vpc.vpc"
                    ],
                    "primary": {
                        "id": "sg-910ca4ee",
                        "attributes": {
                            "description": "Managed by Terraform",
                            "egress.#": "1",
                            "egress.482069346.cidr_blocks.#": "1",
                            "egress.482069346.cidr_blocks.0": "0.0.0.0/0",
                            "egress.482069346.description": "",
                            "egress.482069346.from_port": "0",
                            "egress.482069346.ipv6_cidr_blocks.#": "0",
                            "egress.482069346.prefix_list_ids.#": "0",
                            "egress.482069346.protocol": "-1",
                            "egress.482069346.security_groups.#": "0",
                            "egress.482069346.self": "false",
                            "egress.482069346.to_port": "0",
                            "id": "sg-910ca4ee",
                            "ingress.#": "1",
                            "ingress.2214680975.cidr_blocks.#": "1",
                            "ingress.2214680975.cidr_blocks.0": "0.0.0.0/0",
                            "ingress.2214680975.description": "",
                            "ingress.2214680975.from_port": "80",
                            "ingress.2214680975.ipv6_cidr_blocks.#": "0",
                            "ingress.2214680975.protocol": "tcp",
                            "ingress.2214680975.security_groups.#": "0",
                            "ingress.2214680975.self": "false",
                            "ingress.2214680975.to_port": "80",
                            "name": "nginx_elb_sg",
                            "owner_id": "083926556820",
                            "revoke_rules_on_delete": "false",
                            "tags.%": "3",
                            "tags.BillingCode": "8675309",
                            "tags.Environment": "dev",
                            "tags.Name": "dev-elb-sg",
                            "vpc_id": "vpc-71f97c08"
                        },
                        "meta": {
                            "schema_version": "1"
                        },
                        "tainted": false
                    },
                    "deposed": [],
                    "provider": "provider.aws"
                },
                "aws_security_group.nginx-sg": {
                    "type": "aws_security_group",
                    "depends_on": [
                        "aws_vpc.vpc"
                    ],
                    "primary": {
                        "id": "sg-6f0ea610",
                        "attributes": {
                            "description": "Managed by Terraform",
                            "egress.#": "1",
                            "egress.482069346.cidr_blocks.#": "1",
                            "egress.482069346.cidr_blocks.0": "0.0.0.0/0",
                            "egress.482069346.description": "",
                            "egress.482069346.from_port": "0",
                            "egress.482069346.ipv6_cidr_blocks.#": "0",
                            "egress.482069346.prefix_list_ids.#": "0",
                            "egress.482069346.protocol": "-1",
                            "egress.482069346.security_groups.#": "0",
                            "egress.482069346.self": "false",
                            "egress.482069346.to_port": "0",
                            "id": "sg-6f0ea610",
                            "ingress.#": "2",
                            "ingress.2524386204.cidr_blocks.#": "1",
                            "ingress.2524386204.cidr_blocks.0": "10.1.0.0/16",
                            "ingress.2524386204.description": "",
                            "ingress.2524386204.from_port": "80",
                            "ingress.2524386204.ipv6_cidr_blocks.#": "0",
                            "ingress.2524386204.protocol": "tcp",
                            "ingress.2524386204.security_groups.#": "0",
                            "ingress.2524386204.self": "false",
                            "ingress.2524386204.to_port": "80",
                            "ingress.2541437006.cidr_blocks.#": "1",
                            "ingress.2541437006.cidr_blocks.0": "0.0.0.0/0",
                            "ingress.2541437006.description": "",
                            "ingress.2541437006.from_port": "22",
                            "ingress.2541437006.ipv6_cidr_blocks.#": "0",
                            "ingress.2541437006.protocol": "tcp",
                            "ingress.2541437006.security_groups.#": "0",
                            "ingress.2541437006.self": "false",
                            "ingress.2541437006.to_port": "22",
                            "name": "nginx_sg",
                            "owner_id": "083926556820",
                            "revoke_rules_on_delete": "false",
                            "tags.%": "3",
                            "tags.BillingCode": "8675309",
                            "tags.Environment": "dev",
                            "tags.Name": "dev-nginx-sg",
                            "vpc_id": "vpc-71f97c08"
                        },
                        "meta": {
                            "schema_version": "1"
                        },
                        "tainted": false
                    },
                    "deposed": [],
                    "provider": "provider.aws"
                },
                "aws_subnet.subnet1": {
                    "type": "aws_subnet",
                    "depends_on": [
                        "aws_vpc.vpc",
                        "data.aws_availability_zones.available"
                    ],
                    "primary": {
                        "id": "subnet-ac352ae4",
                        "attributes": {
                            "assign_ipv6_address_on_creation": "false",
                            "availability_zone": "us-west-2a",
                            "cidr_block": "10.1.0.0/24",
                            "id": "subnet-ac352ae4",
                            "map_public_ip_on_launch": "true",
                            "tags.%": "3",
                            "tags.BillingCode": "8675309",
                            "tags.Environment": "dev",
                            "tags.Name": "dev-subnet1",
                            "vpc_id": "vpc-71f97c08"
                        },
                        "meta": {
                            "schema_version": "1"
                        },
                        "tainted": false
                    },
                    "deposed": [],
                    "provider": "provider.aws"
                },
                "aws_subnet.subnet2": {
                    "type": "aws_subnet",
                    "depends_on": [
                        "aws_vpc.vpc",
                        "data.aws_availability_zones.available"
                    ],
                    "primary": {
                        "id": "subnet-ae9b67d7",
                        "attributes": {
                            "assign_ipv6_address_on_creation": "false",
                            "availability_zone": "us-west-2b",
                            "cidr_block": "10.1.1.0/24",
                            "id": "subnet-ae9b67d7",
                            "map_public_ip_on_launch": "true",
                            "tags.%": "3",
                            "tags.BillingCode": "8675309",
                            "tags.Environment": "dev",
                            "tags.Name": "dev-subnet2",
                            "vpc_id": "vpc-71f97c08"
                        },
                        "meta": {
                            "schema_version": "1"
                        },
                        "tainted": false
                    },
                    "deposed": [],
                    "provider": "provider.aws"
                },
                "aws_vpc.vpc": {
                    "type": "aws_vpc",
                    "depends_on": [],
                    "primary": {
                        "id": "vpc-71f97c08",
                        "attributes": {
                            "assign_generated_ipv6_cidr_block": "false",
                            "cidr_block": "10.1.0.0/16",
                            "default_network_acl_id": "acl-11675e68",
                            "default_route_table_id": "rtb-7b953303",
                            "default_security_group_id": "sg-f00ca48f",
                            "dhcp_options_id": "dopt-9b3fdde2",
                            "enable_classiclink": "false",
                            "enable_classiclink_dns_support": "false",
                            "enable_dns_hostnames": "false",
                            "enable_dns_support": "true",
                            "id": "vpc-71f97c08",
                            "instance_tenancy": "default",
                            "main_route_table_id": "rtb-7b953303",
                            "tags.%": "3",
                            "tags.BillingCode": "8675309",
                            "tags.Environment": "dev",
                            "tags.Name": "dev-vpc"
                        },
                        "meta": {
                            "schema_version": "1"
                        },
                        "tainted": false
                    },
                    "deposed": [],
                    "provider": "provider.aws"
                },
                "data.aws_availability_zones.available": {
                    "type": "aws_availability_zones",
                    "depends_on": [],
                    "primary": {
                        "id": "2018-02-09 00:22:24.28699 +0000 UTC",
                        "attributes": {
                            "id": "2018-02-09 00:22:24.28699 +0000 UTC",
                            "names.#": "3",
                            "names.0": "us-west-2a",
                            "names.1": "us-west-2b",
                            "names.2": "us-west-2c"
                        },
                        "meta": {},
                        "tainted": false
                    },
                    "deposed": [],
                    "provider": "provider.aws"
                }
            },
            "depends_on": []
        }
    ]
}
